
Microsoft Visual Studio Solution File, Format Version 12.00
# Visual Studio Version 17
VisualStudioVersion = 17.7.34221.43
MinimumVisualStudioVersion = 10.0.40219.1
Project("{FAE04EC0-301F-11D3-BF4B-00C04F79EFBC}") = "Calculating_the_mass", "Calculating_the_mass\Calculating_the_mass.csproj", "{061291DD-F307-46B5-A871-38DF216ED454}"
EndProject
Global
	GlobalSection(SolutionConfigurationPlatforms) = preSolution
		Debug|Any CPU = Debug|Any CPU
		Release|Any CPU = Release|Any CPU
	EndGlobalSection
	GlobalSection(ProjectConfigurationPlatforms) = postSolution
		{061291DD-F307-46B5-A871-38DF216ED454}.Debug|Any CPU.ActiveCfg = Debug|Any CPU
		{061291DD-F307-46B5-A871-38DF216ED454}.Debug|Any CPU.Build.0 = Debug|Any CPU
		{061291DD-F307-46B5-A871-38DF216ED454}.Release|Any CPU.ActiveCfg = Release|Any CPU
		{061291DD-F307-46B5-A871-38DF216ED454}.Release|Any CPU.Build.0 = Release|Any CPU
	EndGlobalSection
	GlobalSection(SolutionProperties) = preSolution
		HideSolutionNode = FALSE
	EndGlobalSection
	GlobalSection(ExtensibilityGlobals) = postSolution
		SolutionGuid = {6E7423D5-4725-4AA1-80AC-C0A170F22587}
	EndGlobalSection
EndGlobal
